
Microsoft Visual Studio Solution File, Format Version 12.00
# Visual Studio 15
VisualStudioVersion = 15.0.28307.757
MinimumVisualStudioVersion = 10.0.40219.1
Project("{888888A0-9F3D-457C-B088-3A5042F75D52}") = "KNearestNeighbors", "BreastCancerML\KNearestNeighbors.pyproj", "{50EECBF2-C80A-436A-8599-3D9B244E2239}"
EndProject
Global
	GlobalSection(SolutionConfigurationPlatforms) = preSolution
		Debug|Any CPU = Debug|Any CPU
		Release|Any CPU = Release|Any CPU
	EndGlobalSection
	GlobalSection(ProjectConfigurationPlatforms) = postSolution
		{50EECBF2-C80A-436A-8599-3D9B244E2239}.Debug|Any CPU.ActiveCfg = Debug|Any CPU
		{50EECBF2-C80A-436A-8599-3D9B244E2239}.Release|Any CPU.ActiveCfg = Release|Any CPU
	EndGlobalSection
	GlobalSection(SolutionProperties) = preSolution
		HideSolutionNode = FALSE
	EndGlobalSection
	GlobalSection(ExtensibilityGlobals) = postSolution
		SolutionGuid = {3C4574CE-0C91-4468-A882-8B6AFCAF5DD3}
	EndGlobalSection
EndGlobal
